<?xml version="1.0" encoding="utf-8"?>
<Project ToolsVersion="4.0" xmlns="http://schemas.microsoft.com/developer/msbuild/2003">
  <ItemGroup>
    <Filter Include="Main">
      <UniqueIdentifier>{5dffdc9f-980c-4635-bf40-e68b7a37e188}</UniqueIdentifier>
    </Filter>
    <Filter Include="Utils">
      <UniqueIdentifier>{8a883c42-a592-4dcd-8872-14d383bf88b2}</UniqueIdentifier>
    </Filter>
    <Filter Include="Protocol">
      <UniqueIdentifier>{2c040a95-9c60-4096-9085-3f08c24b7e07}</UniqueIdentifier>
    </Filter>
    <Filter Include="GameContents">
      <UniqueIdentifier>{6e8a88b2-2a6a-42a4-9c2f-c56f8256bc92}</UniqueIdentifier>
    </Filter>
    <Filter Include="GameObject">
      <UniqueIdentifier>{9281ed45-fd7c-4034-b1fb-0c6769576fcd}</UniqueIdentifier>
    </Filter>
    <Filter Include="GameObject\Player">
      <UniqueIdentifier>{97ff4d9a-69d7-4a40-96c1-73affffe80b3}</UniqueIdentifier>
    </Filter>
    <Filter Include="GameObject\Enemy">
      <UniqueIdentifier>{5a5890ce-85fa-4dc4-9641-1054564e329c}</UniqueIdentifier>
    </Filter>
    <Filter Include="GameObject\Item">
      <UniqueIdentifier>{5af15b16-7446-4ad9-b56d-16bafe447275}</UniqueIdentifier>
    </Filter>
    <Filter Include="GameObject\Building">
      <UniqueIdentifier>{246bf656-f626-423c-8316-fb5ff0dd3f9f}</UniqueIdentifier>
    </Filter>
    <Filter Include="GameObject\Tile">
      <UniqueIdentifier>{cbcae36e-e040-4df4-a287-65d06b85573b}</UniqueIdentifier>
    </Filter>
    <Filter Include="Area">
      <UniqueIdentifier>{b7333371-f081-4d66-89b7-d9209da5c40b}</UniqueIdentifier>
    </Filter>
    <Filter Include="GameContents\Map">
      <UniqueIdentifier>{904f68e5-ae2d-4e3a-93a5-363f8870335a}</UniqueIdentifier>
    </Filter>
    <Filter Include="GameObject\BaseObject">
      <UniqueIdentifier>{0b0e9ca0-6418-4a4e-b0ff-d956e7ca8a53}</UniqueIdentifier>
    </Filter>
    <Filter Include="Area\MapData">
      <UniqueIdentifier>{bd8ffbbb-4783-49a5-8f35-20cf5d4f8398}</UniqueIdentifier>
    </Filter>
    <Filter Include="Room">
      <UniqueIdentifier>{168974d8-557a-455a-8d45-8704d77d5625}</UniqueIdentifier>
    </Filter>
    <Filter Include="Collider">
      <UniqueIdentifier>{63c0f701-9f50-4f4d-a529-97a18d1e0de6}</UniqueIdentifier>
    </Filter>
  </ItemGroup>
  <ItemGroup>
    <ClCompile Include="GameServer.cpp">
      <Filter>Main</Filter>
    </ClCompile>
    <ClCompile Include="pch.cpp">
      <Filter>Utils</Filter>
    </ClCompile>
    <ClCompile Include="GameSessionManager.cpp">
      <Filter>Main</Filter>
    </ClCompile>
    <ClCompile Include="GameSession.cpp">
      <Filter>Main</Filter>
    </ClCompile>
    <ClCompile Include="ClientPacketHandler.cpp">
      <Filter>Main</Filter>
    </ClCompile>
    <ClCompile Include="InitStruct.pb.cc">
      <Filter>Protocol</Filter>
    </ClCompile>
    <ClCompile Include="Protocol.pb.cc">
      <Filter>Protocol</Filter>
    </ClCompile>
    <ClCompile Include="Struct.pb.cc">
      <Filter>Protocol</Filter>
    </ClCompile>
    <ClCompile Include="Enum.pb.cc">
      <Filter>Protocol</Filter>
    </ClCompile>
    <ClCompile Include="Player.cpp">
      <Filter>GameObject\Player</Filter>
    </ClCompile>
    <ClCompile Include="Enemy.cpp">
      <Filter>GameObject\Enemy</Filter>
    </ClCompile>
    <ClCompile Include="Building.cpp">
      <Filter>GameObject\Building</Filter>
    </ClCompile>
    <ClCompile Include="GameArea.cpp">
      <Filter>Area</Filter>
    </ClCompile>
    <ClCompile Include="ServerMap.cpp">
      <Filter>GameContents\Map</Filter>
    </ClCompile>
    <ClCompile Include="CommonPlayerControllerComponent_Server.cpp">
      <Filter>GameContents</Filter>
    </ClCompile>
    <ClCompile Include="ServerObject.cpp">
      <Filter>GameObject\BaseObject</Filter>
    </ClCompile>
    <ClCompile Include="CWeapon.cpp">
      <Filter>GameObject\Player</Filter>
    </ClCompile>
    <ClCompile Include="Room.cpp">
      <Filter>Room</Filter>
    </ClCompile>
    <ClCompile Include="ReportHelper.cpp">
      <Filter>Room</Filter>
    </ClCompile>
    <ClCompile Include="BoundingCapsule.cpp">
      <Filter>Collider</Filter>
    </ClCompile>
    <ClCompile Include="ColliderComponent.cpp">
      <Filter>Collider</Filter>
    </ClCompile>
    <ClCompile Include="CollisionSystem.cpp">
      <Filter>Collider</Filter>
    </ClCompile>
    <ClCompile Include="MonsterAI.cpp">
      <Filter>GameObject\Enemy</Filter>
    </ClCompile>
    <ClCompile Include="NavMesh.cpp">
      <Filter>GameContents\Map</Filter>
    </ClCompile>
    <ClCompile Include="Room.Input.cpp">
      <Filter>Room</Filter>
    </ClCompile>
    <ClCompile Include="Room.Grid.cpp">
      <Filter>Room</Filter>
    </ClCompile>
    <ClCompile Include="Room.Combat.cpp">
      <Filter>Room</Filter>
    </ClCompile>
    <ClCompile Include="Room.Collision.cpp">
      <Filter>Room</Filter>
    </ClCompile>
    <ClCompile Include="Room.Packet.cpp" />
  </ItemGroup>
  <ItemGroup>
    <ClInclude Include="pch.h">
      <Filter>Utils</Filter>
    </ClInclude>
    <ClInclude Include="GameSessionManager.h">
      <Filter>Main</Filter>
    </ClInclude>
    <ClInclude Include="GameSession.h">
      <Filter>Main</Filter>
    </ClInclude>
    <ClInclude Include="ClientPacketHandler.h">
      <Filter>Main</Filter>
    </ClInclude>
    <ClInclude Include="InitStruct.pb.h">
      <Filter>Protocol</Filter>
    </ClInclude>
    <ClInclude Include="Protocol.pb.h">
      <Filter>Protocol</Filter>
    </ClInclude>
    <ClInclude Include="Struct.pb.h">
      <Filter>Protocol</Filter>
    </ClInclude>
    <ClInclude Include="Enum.pb.h">
      <Filter>Protocol</Filter>
    </ClInclude>
    <ClInclude Include="Player.h">
      <Filter>GameObject\Player</Filter>
    </ClInclude>
    <ClInclude Include="Enemy.h">
      <Filter>GameObject\Enemy</Filter>
    </ClInclude>
    <ClInclude Include="Building.h">
      <Filter>GameObject\Building</Filter>
    </ClInclude>
    <ClInclude Include="GameArea.h">
      <Filter>Area</Filter>
    </ClInclude>
    <ClInclude Include="ServerObject.h">
      <Filter>GameObject\BaseObject</Filter>
    </ClInclude>
    <ClInclude Include="CWeapon.h">
      <Filter>GameObject\Player</Filter>
    </ClInclude>
    <ClInclude Include="Room.h">
      <Filter>Room</Filter>
    </ClInclude>
    <ClInclude Include="ReportHelper.h">
      <Filter>Room</Filter>
    </ClInclude>
    <ClInclude Include="BoundingCapsule.h">
      <Filter>Collider</Filter>
    </ClInclude>
    <ClInclude Include="ColliderComponent.h">
      <Filter>Collider</Filter>
    </ClInclude>
    <ClInclude Include="CollisionSystem.h">
      <Filter>Collider</Filter>
    </ClInclude>
    <ClInclude Include="MonsterAI.h">
      <Filter>GameObject\Enemy</Filter>
    </ClInclude>
    <ClInclude Include="NavMesh.h">
      <Filter>GameContents\Map</Filter>
    </ClInclude>
    <ClInclude Include="Projectile.h">
      <Filter>GameObject\Tile</Filter>
    </ClInclude>
  </ItemGroup>
  <ItemGroup>
    <None Include="..\..\Common\Protobuf\bin\Enum.proto">
      <Filter>Protocol</Filter>
    </None>
    <None Include="..\..\Common\Protobuf\bin\GenPackets.bat">
      <Filter>Protocol</Filter>
    </None>
    <None Include="..\..\Common\Protobuf\bin\InitStruct.proto">
      <Filter>Protocol</Filter>
    </None>
    <None Include="..\..\Common\Protobuf\bin\Protocol.proto">
      <Filter>Protocol</Filter>
    </None>
    <None Include="..\..\Common\Protobuf\bin\Struct.proto">
      <Filter>Protocol</Filter>
    </None>
  </ItemGroup>
  <ItemGroup>
    <Text Include="MapFIle\placement_export_full.txt">
      <Filter>Area\MapData</Filter>
    </Text>
    <Text Include="MapFIle\placement_export_st1.txt">
      <Filter>Area\MapData</Filter>
    </Text>
  </ItemGroup>
</Project>