<?xml version="1.0" encoding="utf-8"?>
<Project ToolsVersion="4.0" xmlns="http://schemas.microsoft.com/developer/msbuild/2003">
  <ItemGroup>
    <Filter Include="소스 파일">
      <UniqueIdentifier>{4FC737F1-C7A5-4376-A066-2A32D752A2FF}</UniqueIdentifier>
      <Extensions>cpp;c;cc;cxx;c++;cppm;ixx;def;odl;idl;hpj;bat;asm;asmx</Extensions>
    </Filter>
    <Filter Include="헤더 파일">
      <UniqueIdentifier>{93995380-89BD-4b04-88EB-625FBE52EBFB}</UniqueIdentifier>
      <Extensions>h;hh;hpp;hxx;h++;hm;inl;inc;ipp;xsd</Extensions>
    </Filter>
    <Filter Include="리소스 파일">
      <UniqueIdentifier>{67DA6AB6-F800-4c08-8B7A-83BB121AAD01}</UniqueIdentifier>
      <Extensions>rc;ico;cur;bmp;dlg;rc2;rct;bin;rgs;gif;jpg;jpeg;jpe;resx;tiff;tif;png;wav;mfcribbon-ms</Extensions>
    </Filter>
    <Filter Include="소스 파일\Build">
      <UniqueIdentifier>{c6860dc7-e597-4855-abb6-7617a1ef0a1c}</UniqueIdentifier>
    </Filter>
    <Filter Include="소스 파일\Render">
      <UniqueIdentifier>{e53191a1-8f9e-4384-b133-956ef64e6b09}</UniqueIdentifier>
    </Filter>
    <Filter Include="소스 파일\Input">
      <UniqueIdentifier>{0f6bd737-8219-4ed1-8e67-8c3e4eb2ba69}</UniqueIdentifier>
    </Filter>
  </ItemGroup>
  <ItemGroup>
    <ClInclude Include="framework.h">
      <Filter>헤더 파일</Filter>
    </ClInclude>
    <ClInclude Include="targetver.h">
      <Filter>헤더 파일</Filter>
    </ClInclude>
    <ClInclude Include="Resource.h">
      <Filter>헤더 파일</Filter>
    </ClInclude>
    <ClInclude Include="PracticeProject08.h">
      <Filter>헤더 파일</Filter>
    </ClInclude>
    <ClInclude Include="Camera.h">
      <Filter>헤더 파일</Filter>
    </ClInclude>
    <ClInclude Include="GameFramework.h">
      <Filter>헤더 파일</Filter>
    </ClInclude>
    <ClInclude Include="Mesh.h">
      <Filter>헤더 파일</Filter>
    </ClInclude>
    <ClInclude Include="Object.h">
      <Filter>헤더 파일</Filter>
    </ClInclude>
    <ClInclude Include="Scene.h">
      <Filter>헤더 파일</Filter>
    </ClInclude>
    <ClInclude Include="Shader.h">
      <Filter>헤더 파일</Filter>
    </ClInclude>
    <ClInclude Include="stdafx.h">
      <Filter>헤더 파일</Filter>
    </ClInclude>
    <ClInclude Include="Timer.h">
      <Filter>헤더 파일</Filter>
    </ClInclude>
  </ItemGroup>
  <ItemGroup>
    <ClCompile Include="PracticeProject08.cpp">
      <Filter>소스 파일</Filter>
    </ClCompile>
    <ClCompile Include="Camera.cpp">
      <Filter>소스 파일</Filter>
    </ClCompile>
    <ClCompile Include="GameFramework.cpp">
      <Filter>소스 파일</Filter>
    </ClCompile>
    <ClCompile Include="Mesh.cpp">
      <Filter>소스 파일</Filter>
    </ClCompile>
    <ClCompile Include="Object.cpp">
      <Filter>소스 파일</Filter>
    </ClCompile>
    <ClCompile Include="Scene.cpp">
      <Filter>소스 파일</Filter>
    </ClCompile>
    <ClCompile Include="Shader.cpp">
      <Filter>소스 파일</Filter>
    </ClCompile>
    <ClCompile Include="stdafx.cpp">
      <Filter>소스 파일</Filter>
    </ClCompile>
    <ClCompile Include="Timer.cpp">
      <Filter>소스 파일</Filter>
    </ClCompile>
    <ClCompile Include="Camera_Build.cpp">
      <Filter>소스 파일\Build</Filter>
    </ClCompile>
    <ClCompile Include="Mesh_Build.cpp">
      <Filter>소스 파일\Build</Filter>
    </ClCompile>
    <ClCompile Include="Object_Build.cpp">
      <Filter>소스 파일\Build</Filter>
    </ClCompile>
    <ClCompile Include="Scene_Build.cpp">
      <Filter>소스 파일\Build</Filter>
    </ClCompile>
    <ClCompile Include="Shader_Build.cpp">
      <Filter>소스 파일\Build</Filter>
    </ClCompile>
    <ClCompile Include="GameFramework_Build.cpp">
      <Filter>소스 파일\Build</Filter>
    </ClCompile>
    <ClCompile Include="Camera_Render.cpp">
      <Filter>소스 파일\Render</Filter>
    </ClCompile>
    <ClCompile Include="GameFramework_Render.cpp">
      <Filter>소스 파일\Render</Filter>
    </ClCompile>
    <ClCompile Include="Object_Render.cpp">
      <Filter>소스 파일\Render</Filter>
    </ClCompile>
    <ClCompile Include="Mesh_Render.cpp">
      <Filter>소스 파일\Render</Filter>
    </ClCompile>
    <ClCompile Include="Scene_Render.cpp">
      <Filter>소스 파일\Render</Filter>
    </ClCompile>
    <ClCompile Include="Shader_Render.cpp">
      <Filter>소스 파일\Render</Filter>
    </ClCompile>
    <ClCompile Include="GameFramework_Input.cpp">
      <Filter>소스 파일\Input</Filter>
    </ClCompile>
    <ClCompile Include="Scene_Input.cpp">
      <Filter>소스 파일\Input</Filter>
    </ClCompile>
  </ItemGroup>
  <ItemGroup>
    <ResourceCompile Include="PracticeProject08.rc">
      <Filter>리소스 파일</Filter>
    </ResourceCompile>
  </ItemGroup>
  <ItemGroup>
    <Image Include="small.ico">
      <Filter>리소스 파일</Filter>
    </Image>
    <Image Include="PracticeProject08.ico">
      <Filter>리소스 파일</Filter>
    </Image>
  </ItemGroup>
  <ItemGroup>
    <None Include="Shaders.hlsl" />
  </ItemGroup>
</Project>