
Microsoft Visual Studio Solution File, Format Version 12.00
# Visual Studio Version 17
VisualStudioVersion = 17.14.36603.0 d17.14
MinimumVisualStudioVersion = 10.0.40219.1
Project("{8BC9CEB8-8B4A-11D0-8D11-00A0C91BC942}") = "PracticeProject11", "PracticeProject11.vcxproj", "{100DB169-33A0-4713-89B2-EA9DD0D52B1F}"
EndProject
Global
	GlobalSection(SolutionConfigurationPlatforms) = preSolution
		Debug|x64 = Debug|x64
		Debug|x86 = Debug|x86
		Release|x64 = Release|x64
		Release|x86 = Release|x86
	EndGlobalSection
	GlobalSection(ProjectConfigurationPlatforms) = postSolution
		{100DB169-33A0-4713-89B2-EA9DD0D52B1F}.Debug|x64.ActiveCfg = Debug|x64
		{100DB169-33A0-4713-89B2-EA9DD0D52B1F}.Debug|x64.Build.0 = Debug|x64
		{100DB169-33A0-4713-89B2-EA9DD0D52B1F}.Debug|x86.ActiveCfg = Debug|Win32
		{100DB169-33A0-4713-89B2-EA9DD0D52B1F}.Debug|x86.Build.0 = Debug|Win32
		{100DB169-33A0-4713-89B2-EA9DD0D52B1F}.Release|x64.ActiveCfg = Release|x64
		{100DB169-33A0-4713-89B2-EA9DD0D52B1F}.Release|x64.Build.0 = Release|x64
		{100DB169-33A0-4713-89B2-EA9DD0D52B1F}.Release|x86.ActiveCfg = Release|Win32
		{100DB169-33A0-4713-89B2-EA9DD0D52B1F}.Release|x86.Build.0 = Release|Win32
	EndGlobalSection
	GlobalSection(SolutionProperties) = preSolution
		HideSolutionNode = FALSE
	EndGlobalSection
	GlobalSection(ExtensibilityGlobals) = postSolution
		SolutionGuid = {1EA6F20F-3B00-4097-AA8C-3D2EFE8710CF}
	EndGlobalSection
EndGlobal
