
Microsoft Visual Studio Solution File, Format Version 12.00
# Visual Studio Version 17
VisualStudioVersion = 17.13.35931.197 d17.13
MinimumVisualStudioVersion = 10.0.40219.1
Project("{8BC9CEB8-8B4A-11D0-8D11-00A0C91BC942}") = "GameServer", "GameServer\GameServer.vcxproj", "{059CB8F7-3B88-42FC-9AF8-E3AEC2721660}"
EndProject
Project("{8BC9CEB8-8B4A-11D0-8D11-00A0C91BC942}") = "DummyClient", "DummyClient\DummyClient.vcxproj", "{827538A8-3C2F-4157-A511-663C1BB61FAC}"
EndProject
Project("{8BC9CEB8-8B4A-11D0-8D11-00A0C91BC942}") = "ServerCore", "ServerCore\ServerCore.vcxproj", "{3812B055-FE21-4F6D-B6B1-92F10ECD32AD}"
EndProject
Global
	GlobalSection(SolutionConfigurationPlatforms) = preSolution
		Debug|x64 = Debug|x64
		Debug|x86 = Debug|x86
		Release|x64 = Release|x64
		Release|x86 = Release|x86
	EndGlobalSection
	GlobalSection(ProjectConfigurationPlatforms) = postSolution
		{059CB8F7-3B88-42FC-9AF8-E3AEC2721660}.Debug|x64.ActiveCfg = Debug|x64
		{059CB8F7-3B88-42FC-9AF8-E3AEC2721660}.Debug|x64.Build.0 = Debug|x64
		{059CB8F7-3B88-42FC-9AF8-E3AEC2721660}.Debug|x86.ActiveCfg = Debug|Win32
		{059CB8F7-3B88-42FC-9AF8-E3AEC2721660}.Debug|x86.Build.0 = Debug|Win32
		{059CB8F7-3B88-42FC-9AF8-E3AEC2721660}.Release|x64.ActiveCfg = Release|x64
		{059CB8F7-3B88-42FC-9AF8-E3AEC2721660}.Release|x64.Build.0 = Release|x64
		{059CB8F7-3B88-42FC-9AF8-E3AEC2721660}.Release|x86.ActiveCfg = Release|Win32
		{059CB8F7-3B88-42FC-9AF8-E3AEC2721660}.Release|x86.Build.0 = Release|Win32
		{827538A8-3C2F-4157-A511-663C1BB61FAC}.Debug|x64.ActiveCfg = Debug|x64
		{827538A8-3C2F-4157-A511-663C1BB61FAC}.Debug|x64.Build.0 = Debug|x64
		{827538A8-3C2F-4157-A511-663C1BB61FAC}.Debug|x86.ActiveCfg = Debug|Win32
		{827538A8-3C2F-4157-A511-663C1BB61FAC}.Debug|x86.Build.0 = Debug|Win32
		{827538A8-3C2F-4157-A511-663C1BB61FAC}.Release|x64.ActiveCfg = Release|x64
		{827538A8-3C2F-4157-A511-663C1BB61FAC}.Release|x64.Build.0 = Release|x64
		{827538A8-3C2F-4157-A511-663C1BB61FAC}.Release|x86.ActiveCfg = Release|Win32
		{827538A8-3C2F-4157-A511-663C1BB61FAC}.Release|x86.Build.0 = Release|Win32
		{3812B055-FE21-4F6D-B6B1-92F10ECD32AD}.Debug|x64.ActiveCfg = Debug|x64
		{3812B055-FE21-4F6D-B6B1-92F10ECD32AD}.Debug|x64.Build.0 = Debug|x64
		{3812B055-FE21-4F6D-B6B1-92F10ECD32AD}.Debug|x86.ActiveCfg = Debug|Win32
		{3812B055-FE21-4F6D-B6B1-92F10ECD32AD}.Debug|x86.Build.0 = Debug|Win32
		{3812B055-FE21-4F6D-B6B1-92F10ECD32AD}.Release|x64.ActiveCfg = Release|x64
		{3812B055-FE21-4F6D-B6B1-92F10ECD32AD}.Release|x64.Build.0 = Release|x64
		{3812B055-FE21-4F6D-B6B1-92F10ECD32AD}.Release|x86.ActiveCfg = Release|Win32
		{3812B055-FE21-4F6D-B6B1-92F10ECD32AD}.Release|x86.Build.0 = Release|Win32
	EndGlobalSection
	GlobalSection(SolutionProperties) = preSolution
		HideSolutionNode = FALSE
	EndGlobalSection
	GlobalSection(ExtensibilityGlobals) = postSolution
		SolutionGuid = {FD0FF1FF-829E-436C-B5F0-4D2330C9F54E}
	EndGlobalSection
EndGlobal
