
Microsoft Visual Studio Solution File, Format Version 12.00
# Visual Studio Version 17
VisualStudioVersion = 17.13.35931.197
MinimumVisualStudioVersion = 10.0.40219.1
Project("{8BC9CEB8-8B4A-11D0-8D11-00A0C91BC942}") = "GameServer", "GameServer\GameServer.vcxproj", "{059CB8F7-3B88-42FC-9AF8-E3AEC2721660}"
EndProject
Project("{8BC9CEB8-8B4A-11D0-8D11-00A0C91BC942}") = "DummyClient", "DummyClient\DummyClient.vcxproj", "{827538A8-3C2F-4157-A511-663C1BB61FAC}"
EndProject
Project("{2150E333-8FDC-42A3-9474-1A3956D46DE8}") = "Tools", "Tools", "{C8D5274F-AC00-46C7-1F8D-E88E81087A52}"
EndProject
Project("{888888A0-9F3D-457C-B088-3A5042F75D52}") = "PacketGenerator", "Tools\PacketGenerator\PacketGenerator.pyproj", "{749773B4-BD87-4BCD-BFC0-A519701EF468}"
EndProject
Project("{2150E333-8FDC-42A3-9474-1A3956D46DE8}") = "Commom", "Commom", "{EC619629-CAAF-4123-A751-628B5510C645}"
EndProject
Project("{8BC9CEB8-8B4A-11D0-8D11-00A0C91BC942}") = "ServerCore", "..\Common\ServerCore\ServerCore.vcxproj", "{06915948-5FD9-4226-9858-C8E34AC6D149}"
EndProject
Project("{8BC9CEB8-8B4A-11D0-8D11-00A0C91BC942}") = "BaseComponent", "..\Common\BaseComponent\BaseComponent.vcxproj", "{8447A6A2-33D4-4B36-A1C0-6E99AD60BF55}"
EndProject
Global
	GlobalSection(SolutionConfigurationPlatforms) = preSolution
		Debug|Any CPU = Debug|Any CPU
		Debug|x64 = Debug|x64
		Debug|x86 = Debug|x86
		Release|Any CPU = Release|Any CPU
		Release|x64 = Release|x64
		Release|x86 = Release|x86
	EndGlobalSection
	GlobalSection(ProjectConfigurationPlatforms) = postSolution
		{059CB8F7-3B88-42FC-9AF8-E3AEC2721660}.Debug|Any CPU.ActiveCfg = Debug|x64
		{059CB8F7-3B88-42FC-9AF8-E3AEC2721660}.Debug|x64.ActiveCfg = Debug|x64
		{059CB8F7-3B88-42FC-9AF8-E3AEC2721660}.Debug|x64.Build.0 = Debug|x64
		{059CB8F7-3B88-42FC-9AF8-E3AEC2721660}.Debug|x86.ActiveCfg = Debug|Win32
		{059CB8F7-3B88-42FC-9AF8-E3AEC2721660}.Debug|x86.Build.0 = Debug|Win32
		{059CB8F7-3B88-42FC-9AF8-E3AEC2721660}.Release|Any CPU.ActiveCfg = Release|x64
		{059CB8F7-3B88-42FC-9AF8-E3AEC2721660}.Release|x64.ActiveCfg = Release|x64
		{059CB8F7-3B88-42FC-9AF8-E3AEC2721660}.Release|x64.Build.0 = Release|x64
		{059CB8F7-3B88-42FC-9AF8-E3AEC2721660}.Release|x86.ActiveCfg = Release|Win32
		{059CB8F7-3B88-42FC-9AF8-E3AEC2721660}.Release|x86.Build.0 = Release|Win32
		{827538A8-3C2F-4157-A511-663C1BB61FAC}.Debug|Any CPU.ActiveCfg = Debug|x64
		{827538A8-3C2F-4157-A511-663C1BB61FAC}.Debug|x64.ActiveCfg = Debug|x64
		{827538A8-3C2F-4157-A511-663C1BB61FAC}.Debug|x64.Build.0 = Debug|x64
		{827538A8-3C2F-4157-A511-663C1BB61FAC}.Debug|x86.ActiveCfg = Debug|Win32
		{827538A8-3C2F-4157-A511-663C1BB61FAC}.Debug|x86.Build.0 = Debug|Win32
		{827538A8-3C2F-4157-A511-663C1BB61FAC}.Release|Any CPU.ActiveCfg = Release|x64
		{827538A8-3C2F-4157-A511-663C1BB61FAC}.Release|x64.ActiveCfg = Release|x64
		{827538A8-3C2F-4157-A511-663C1BB61FAC}.Release|x64.Build.0 = Release|x64
		{827538A8-3C2F-4157-A511-663C1BB61FAC}.Release|x86.ActiveCfg = Release|Win32
		{827538A8-3C2F-4157-A511-663C1BB61FAC}.Release|x86.Build.0 = Release|Win32
		{749773B4-BD87-4BCD-BFC0-A519701EF468}.Debug|Any CPU.ActiveCfg = Debug|Any CPU
		{749773B4-BD87-4BCD-BFC0-A519701EF468}.Debug|x64.ActiveCfg = Debug|Any CPU
		{749773B4-BD87-4BCD-BFC0-A519701EF468}.Debug|x86.ActiveCfg = Debug|Any CPU
		{749773B4-BD87-4BCD-BFC0-A519701EF468}.Release|Any CPU.ActiveCfg = Release|Any CPU
		{749773B4-BD87-4BCD-BFC0-A519701EF468}.Release|x64.ActiveCfg = Release|Any CPU
		{749773B4-BD87-4BCD-BFC0-A519701EF468}.Release|x86.ActiveCfg = Release|Any CPU
		{06915948-5FD9-4226-9858-C8E34AC6D149}.Debug|Any CPU.ActiveCfg = Debug|x64
		{06915948-5FD9-4226-9858-C8E34AC6D149}.Debug|Any CPU.Build.0 = Debug|x64
		{06915948-5FD9-4226-9858-C8E34AC6D149}.Debug|x64.ActiveCfg = Debug|x64
		{06915948-5FD9-4226-9858-C8E34AC6D149}.Debug|x64.Build.0 = Debug|x64
		{06915948-5FD9-4226-9858-C8E34AC6D149}.Debug|x86.ActiveCfg = Debug|Win32
		{06915948-5FD9-4226-9858-C8E34AC6D149}.Debug|x86.Build.0 = Debug|Win32
		{06915948-5FD9-4226-9858-C8E34AC6D149}.Release|Any CPU.ActiveCfg = Release|x64
		{06915948-5FD9-4226-9858-C8E34AC6D149}.Release|Any CPU.Build.0 = Release|x64
		{06915948-5FD9-4226-9858-C8E34AC6D149}.Release|x64.ActiveCfg = Release|x64
		{06915948-5FD9-4226-9858-C8E34AC6D149}.Release|x64.Build.0 = Release|x64
		{06915948-5FD9-4226-9858-C8E34AC6D149}.Release|x86.ActiveCfg = Release|Win32
		{06915948-5FD9-4226-9858-C8E34AC6D149}.Release|x86.Build.0 = Release|Win32
		{8447A6A2-33D4-4B36-A1C0-6E99AD60BF55}.Debug|Any CPU.ActiveCfg = Debug|x64
		{8447A6A2-33D4-4B36-A1C0-6E99AD60BF55}.Debug|x64.ActiveCfg = Debug|x64
		{8447A6A2-33D4-4B36-A1C0-6E99AD60BF55}.Debug|x64.Build.0 = Debug|x64
		{8447A6A2-33D4-4B36-A1C0-6E99AD60BF55}.Debug|x86.ActiveCfg = Debug|Win32
		{8447A6A2-33D4-4B36-A1C0-6E99AD60BF55}.Debug|x86.Build.0 = Debug|Win32
		{8447A6A2-33D4-4B36-A1C0-6E99AD60BF55}.Release|Any CPU.ActiveCfg = Release|x64
		{8447A6A2-33D4-4B36-A1C0-6E99AD60BF55}.Release|x64.ActiveCfg = Release|x64
		{8447A6A2-33D4-4B36-A1C0-6E99AD60BF55}.Release|x64.Build.0 = Release|x64
		{8447A6A2-33D4-4B36-A1C0-6E99AD60BF55}.Release|x86.ActiveCfg = Release|Win32
		{8447A6A2-33D4-4B36-A1C0-6E99AD60BF55}.Release|x86.Build.0 = Release|Win32
	EndGlobalSection
	GlobalSection(SolutionProperties) = preSolution
		HideSolutionNode = FALSE
	EndGlobalSection
	GlobalSection(NestedProjects) = preSolution
		{749773B4-BD87-4BCD-BFC0-A519701EF468} = {C8D5274F-AC00-46C7-1F8D-E88E81087A52}
		{06915948-5FD9-4226-9858-C8E34AC6D149} = {EC619629-CAAF-4123-A751-628B5510C645}
		{8447A6A2-33D4-4B36-A1C0-6E99AD60BF55} = {EC619629-CAAF-4123-A751-628B5510C645}
	EndGlobalSection
	GlobalSection(ExtensibilityGlobals) = postSolution
		SolutionGuid = {FD0FF1FF-829E-436C-B5F0-4D2330C9F54E}
	EndGlobalSection
EndGlobal
